
Microsoft Visual Studio Solution File, Format Version 12.00
# Visual Studio 2012
Project("{FAE04EC0-301F-11D3-BF4B-00C04F79EFBC}") = "UtilityServices", "UtilityServices\UtilityServices.csproj", "{C07BF064-4872-47CC-A8E5-0D9599091AC0}"
EndProject
Project("{2150E333-8FDC-42A3-9474-1A3956D46DE8}") = "Documentation", "Documentation", "{E70DD622-76C8-4FD6-85C2-EAB1D7D69780}"
	ProjectSection(SolutionItems) = preProject
		Documentation\BudgetMeterInvoicingV3.docx = Documentation\BudgetMeterInvoicingV3.docx
	EndProjectSection
EndProject
Global
	GlobalSection(TeamFoundationVersionControl) = preSolution
		SccNumberOfProjects = 2
		SccEnterpriseProvider = {4CA58AB2-18FA-4F8D-95D4-32DDF27D184C}
		SccTeamFoundationServer = https://koenvdbossche.visualstudio.com/defaultcollection
		SccLocalPath0 = .
		SccProjectUniqueName1 = UtilityServices\\UtilityServices.csproj
		SccProjectName1 = UtilityServices
		SccLocalPath1 = UtilityServices
	EndGlobalSection
	GlobalSection(SolutionConfigurationPlatforms) = preSolution
		Debug|Any CPU = Debug|Any CPU
		Release|Any CPU = Release|Any CPU
	EndGlobalSection
	GlobalSection(ProjectConfigurationPlatforms) = postSolution
		{C07BF064-4872-47CC-A8E5-0D9599091AC0}.Debug|Any CPU.ActiveCfg = Debug|Any CPU
		{C07BF064-4872-47CC-A8E5-0D9599091AC0}.Debug|Any CPU.Build.0 = Debug|Any CPU
		{C07BF064-4872-47CC-A8E5-0D9599091AC0}.Release|Any CPU.ActiveCfg = Release|Any CPU
		{C07BF064-4872-47CC-A8E5-0D9599091AC0}.Release|Any CPU.Build.0 = Release|Any CPU
		{C07BF064-4872-47CC-A8E5-0D9599091AC0}.Release|Any CPU.Deploy.0 = Release|Any CPU
	EndGlobalSection
	GlobalSection(SolutionProperties) = preSolution
		HideSolutionNode = FALSE
	EndGlobalSection
EndGlobal
