
Microsoft Visual Studio Solution File, Format Version 12.00
# Visual Studio 2012
Project("{FAE04EC0-301F-11D3-BF4B-00C04F79EFBC}") = "Eneco.Invest.Business", "Eneco.Invest.Business\Eneco.Invest.Business.csproj", "{DC628811-129C-4973-9724-3ECB4BC6324B}"
EndProject
Project("{FAE04EC0-301F-11D3-BF4B-00C04F79EFBC}") = "Eneco.Invest.Data", "Eneco.Invest.Data\Eneco.Invest.Data.csproj", "{8BE7C078-23F9-4247-A45E-5E26D746BBEE}"
EndProject
Project("{FAE04EC0-301F-11D3-BF4B-00C04F79EFBC}") = "Eneco.Invest.WebUI", "Eneco.Invest.WebUI\Eneco.Invest.WebUI.csproj", "{3770F6B9-2173-477B-B115-08CB68F1F8E2}"
EndProject
Global
	GlobalSection(SolutionConfigurationPlatforms) = preSolution
		Debug|Any CPU = Debug|Any CPU
		Release|Any CPU = Release|Any CPU
	EndGlobalSection
	GlobalSection(ProjectConfigurationPlatforms) = postSolution
		{DC628811-129C-4973-9724-3ECB4BC6324B}.Debug|Any CPU.ActiveCfg = Debug|Any CPU
		{DC628811-129C-4973-9724-3ECB4BC6324B}.Debug|Any CPU.Build.0 = Debug|Any CPU
		{DC628811-129C-4973-9724-3ECB4BC6324B}.Release|Any CPU.ActiveCfg = Release|Any CPU
		{DC628811-129C-4973-9724-3ECB4BC6324B}.Release|Any CPU.Build.0 = Release|Any CPU
		{8BE7C078-23F9-4247-A45E-5E26D746BBEE}.Debug|Any CPU.ActiveCfg = Debug|Any CPU
		{8BE7C078-23F9-4247-A45E-5E26D746BBEE}.Debug|Any CPU.Build.0 = Debug|Any CPU
		{8BE7C078-23F9-4247-A45E-5E26D746BBEE}.Release|Any CPU.ActiveCfg = Release|Any CPU
		{8BE7C078-23F9-4247-A45E-5E26D746BBEE}.Release|Any CPU.Build.0 = Release|Any CPU
		{3770F6B9-2173-477B-B115-08CB68F1F8E2}.Debug|Any CPU.ActiveCfg = Debug|Any CPU
		{3770F6B9-2173-477B-B115-08CB68F1F8E2}.Debug|Any CPU.Build.0 = Debug|Any CPU
		{3770F6B9-2173-477B-B115-08CB68F1F8E2}.Release|Any CPU.ActiveCfg = Release|Any CPU
		{3770F6B9-2173-477B-B115-08CB68F1F8E2}.Release|Any CPU.Build.0 = Release|Any CPU
	EndGlobalSection
	GlobalSection(SolutionProperties) = preSolution
		HideSolutionNode = FALSE
	EndGlobalSection
EndGlobal
